// !$*UTF8*$!
{
	archiveVersion = 1;
	classes = {
	};
	objectVersion = 55;
	objects = {

/* Begin PBXBuildFile section */
		9201364C2B5FE00000BC04D8 /* DescriptCell.swift in Sources */ = {isa = PBXBuildFile; fileRef = 9201364B2B5FE00000BC04D8 /* DescriptCell.swift */; };
		9201364E2B5FE65B00BC04D8 /* ImageCell.swift in Sources */ = {isa = PBXBuildFile; fileRef = 9201364D2B5FE65B00BC04D8 /* ImageCell.swift */; };
		922C5CD62B5BEAC900EF2975 /* AppDelegate.swift in Sources */ = {isa = PBXBuildFile; fileRef = 922C5CD52B5BEAC900EF2975 /* AppDelegate.swift */; };
		922C5CD82B5BEAC900EF2975 /* SceneDelegate.swift in Sources */ = {isa = PBXBuildFile; fileRef = 922C5CD72B5BEAC900EF2975 /* SceneDelegate.swift */; };
		922C5CDA2B5BEAC900EF2975 /* ProgramViewController.swift in Sources */ = {isa = PBXBuildFile; fileRef = 922C5CD92B5BEAC900EF2975 /* ProgramViewController.swift */; };
		922C5CDF2B5BEACA00EF2975 /* Assets.xcassets in Resources */ = {isa = PBXBuildFile; fileRef = 922C5CDE2B5BEACA00EF2975 /* Assets.xcassets */; };
		922C5CE22B5BEACA00EF2975 /* LaunchScreen.storyboard in Resources */ = {isa = PBXBuildFile; fileRef = 922C5CE02B5BEACA00EF2975 /* LaunchScreen.storyboard */; };
		922C5CEF2B5BF2F400EF2975 /* DayViewController.swift in Sources */ = {isa = PBXBuildFile; fileRef = 922C5CEE2B5BF2F400EF2975 /* DayViewController.swift */; };
		922C5CF12B5BF41500EF2975 /* ProgramCell.swift in Sources */ = {isa = PBXBuildFile; fileRef = 922C5CF02B5BF41500EF2975 /* ProgramCell.swift */; };
		922C5CF32B5BF46E00EF2975 /* DayCell.swift in Sources */ = {isa = PBXBuildFile; fileRef = 922C5CF22B5BF46E00EF2975 /* DayCell.swift */; };
		922C5CF52B5BF5C600EF2975 /* Data.swift in Sources */ = {isa = PBXBuildFile; fileRef = 922C5CF42B5BF5C600EF2975 /* Data.swift */; };
		922C5CF72B5BF61D00EF2975 /* Json.swift in Sources */ = {isa = PBXBuildFile; fileRef = 922C5CF62B5BF61D00EF2975 /* Json.swift */; };
		923D5F832B88E24B00F699DB /* GoogleService-Info.plist in Resources */ = {isa = PBXBuildFile; fileRef = 923D5F822B88E24B00F699DB /* GoogleService-Info.plist */; };
		923D5F862B88E5EF00F699DB /* FirebaseAuth in Frameworks */ = {isa = PBXBuildFile; productRef = 923D5F852B88E5EF00F699DB /* FirebaseAuth */; };
		923D5F882B88E5EF00F699DB /* FirebaseDatabase in Frameworks */ = {isa = PBXBuildFile; productRef = 923D5F872B88E5EF00F699DB /* FirebaseDatabase */; };
		923D5F8A2B88E5EF00F699DB /* FirebaseFirestore in Frameworks */ = {isa = PBXBuildFile; productRef = 923D5F892B88E5EF00F699DB /* FirebaseFirestore */; };
		923D5F8C2B88E5EF00F699DB /* FirebaseStorage in Frameworks */ = {isa = PBXBuildFile; productRef = 923D5F8B2B88E5EF00F699DB /* FirebaseStorage */; };
		923D5F952B8A690000F699DB /* SnapKit in Frameworks */ = {isa = PBXBuildFile; productRef = 923D5F942B8A690000F699DB /* SnapKit */; };
		92AC7B9D2B7381600063D7D9 /* TimerView.swift in Sources */ = {isa = PBXBuildFile; fileRef = 92AC7B9C2B7381600063D7D9 /* TimerView.swift */; };
		92AC7B9F2B738F6E0063D7D9 /* ExerciseController.swift in Sources */ = {isa = PBXBuildFile; fileRef = 92AC7B9E2B738F6E0063D7D9 /* ExerciseController.swift */; };
/* End PBXBuildFile section */

/* Begin PBXFileReference section */
		9201364B2B5FE00000BC04D8 /* DescriptCell.swift */ = {isa = PBXFileReference; lastKnownFileType = sourcecode.swift; path = DescriptCell.swift; sourceTree = "<group>"; };
		9201364D2B5FE65B00BC04D8 /* ImageCell.swift */ = {isa = PBXFileReference; lastKnownFileType = sourcecode.swift; path = ImageCell.swift; sourceTree = "<group>"; };
		922C5CD22B5BEAC900EF2975 /* WorkoutTest.app */ = {isa = PBXFileReference; explicitFileType = wrapper.application; includeInIndex = 0; path = WorkoutTest.app; sourceTree = BUILT_PRODUCTS_DIR; };
		922C5CD52B5BEAC900EF2975 /* AppDelegate.swift */ = {isa = PBXFileReference; lastKnownFileType = sourcecode.swift; path = AppDelegate.swift; sourceTree = "<group>"; };
		922C5CD72B5BEAC900EF2975 /* SceneDelegate.swift */ = {isa = PBXFileReference; lastKnownFileType = sourcecode.swift; path = SceneDelegate.swift; sourceTree = "<group>"; };
		922C5CD92B5BEAC900EF2975 /* ProgramViewController.swift */ = {isa = PBXFileReference; lastKnownFileType = sourcecode.swift; path = ProgramViewController.swift; sourceTree = "<group>"; };
		922C5CDE2B5BEACA00EF2975 /* Assets.xcassets */ = {isa = PBXFileReference; lastKnownFileType = folder.assetcatalog; path = Assets.xcassets; sourceTree = "<group>"; };
		922C5CE12B5BEACA00EF2975 /* Base */ = {isa = PBXFileReference; lastKnownFileType = file.storyboard; name = Base; path = Base.lproj/LaunchScreen.storyboard; sourceTree = "<group>"; };
		922C5CE32B5BEACA00EF2975 /* Info.plist */ = {isa = PBXFileReference; lastKnownFileType = text.plist.xml; path = Info.plist; sourceTree = "<group>"; };
		922C5CEE2B5BF2F400EF2975 /* DayViewController.swift */ = {isa = PBXFileReference; lastKnownFileType = sourcecode.swift; path = DayViewController.swift; sourceTree = "<group>"; };
		922C5CF02B5BF41500EF2975 /* ProgramCell.swift */ = {isa = PBXFileReference; lastKnownFileType = sourcecode.swift; path = ProgramCell.swift; sourceTree = "<group>"; };
		922C5CF22B5BF46E00EF2975 /* DayCell.swift */ = {isa = PBXFileReference; lastKnownFileType = sourcecode.swift; path = DayCell.swift; sourceTree = "<group>"; };
		922C5CF42B5BF5C600EF2975 /* Data.swift */ = {isa = PBXFileReference; lastKnownFileType = sourcecode.swift; path = Data.swift; sourceTree = "<group>"; };
		922C5CF62B5BF61D00EF2975 /* Json.swift */ = {isa = PBXFileReference; lastKnownFileType = sourcecode.swift; path = Json.swift; sourceTree = "<group>"; };
		923D5F822B88E24B00F699DB /* GoogleService-Info.plist */ = {isa = PBXFileReference; fileEncoding = 4; lastKnownFileType = text.plist.xml; path = "GoogleService-Info.plist"; sourceTree = "<group>"; };
		92AC7B9C2B7381600063D7D9 /* TimerView.swift */ = {isa = PBXFileReference; lastKnownFileType = sourcecode.swift; path = TimerView.swift; sourceTree = "<group>"; };
		92AC7B9E2B738F6E0063D7D9 /* ExerciseController.swift */ = {isa = PBXFileReference; lastKnownFileType = sourcecode.swift; path = ExerciseController.swift; sourceTree = "<group>"; };
/* End PBXFileReference section */

/* Begin PBXFrameworksBuildPhase section */
		922C5CCF2B5BEAC900EF2975 /* Frameworks */ = {
			isa = PBXFrameworksBuildPhase;
			buildActionMask = 2147483647;
			files = (
				923D5F882B88E5EF00F699DB /* FirebaseDatabase in Frameworks */,
				923D5F8C2B88E5EF00F699DB /* FirebaseStorage in Frameworks */,
				923D5F862B88E5EF00F699DB /* FirebaseAuth in Frameworks */,
				923D5F8A2B88E5EF00F699DB /* FirebaseFirestore in Frameworks */,
				923D5F952B8A690000F699DB /* SnapKit in Frameworks */,
			);
			runOnlyForDeploymentPostprocessing = 0;
		};
/* End PBXFrameworksBuildPhase section */

/* Begin PBXGroup section */
		922C5CC92B5BEAC900EF2975 = {
			isa = PBXGroup;
			children = (
				922C5CD42B5BEAC900EF2975 /* WorkoutTest */,
				922C5CD32B5BEAC900EF2975 /* Products */,
			);
			sourceTree = "<group>";
		};
		922C5CD32B5BEAC900EF2975 /* Products */ = {
			isa = PBXGroup;
			children = (
				922C5CD22B5BEAC900EF2975 /* WorkoutTest.app */,
			);
			name = Products;
			sourceTree = "<group>";
		};
		922C5CD42B5BEAC900EF2975 /* WorkoutTest */ = {
			isa = PBXGroup;
			children = (
				922C5CED2B5BF0FE00EF2975 /* Data */,
				922C5CEC2B5BF0DB00EF2975 /* Views */,
				922C5CEB2B5BF0B800EF2975 /* Controllers */,
				922C5CEA2B5BEF7400EF2975 /* Application */,
				922C5CE92B5BEAE500EF2975 /* SupportingFiles */,
				922C5CE32B5BEACA00EF2975 /* Info.plist */,
				923D5F822B88E24B00F699DB /* GoogleService-Info.plist */,
			);
			path = WorkoutTest;
			sourceTree = "<group>";
		};
		922C5CE92B5BEAE500EF2975 /* SupportingFiles */ = {
			isa = PBXGroup;
			children = (
				922C5CDE2B5BEACA00EF2975 /* Assets.xcassets */,
				922C5CE02B5BEACA00EF2975 /* LaunchScreen.storyboard */,
			);
			name = SupportingFiles;
			sourceTree = "<group>";
		};
		922C5CEA2B5BEF7400EF2975 /* Application */ = {
			isa = PBXGroup;
			children = (
				922C5CD72B5BEAC900EF2975 /* SceneDelegate.swift */,
				922C5CD52B5BEAC900EF2975 /* AppDelegate.swift */,
			);
			path = Application;
			sourceTree = "<group>";
		};
		922C5CEB2B5BF0B800EF2975 /* Controllers */ = {
			isa = PBXGroup;
			children = (
				922C5CD92B5BEAC900EF2975 /* ProgramViewController.swift */,
				922C5CEE2B5BF2F400EF2975 /* DayViewController.swift */,
				92AC7B9E2B738F6E0063D7D9 /* ExerciseController.swift */,
			);
			name = Controllers;
			sourceTree = "<group>";
		};
		922C5CEC2B5BF0DB00EF2975 /* Views */ = {
			isa = PBXGroup;
			children = (
				922C5CF02B5BF41500EF2975 /* ProgramCell.swift */,
				922C5CF22B5BF46E00EF2975 /* DayCell.swift */,
				9201364B2B5FE00000BC04D8 /* DescriptCell.swift */,
				9201364D2B5FE65B00BC04D8 /* ImageCell.swift */,
				92AC7B9C2B7381600063D7D9 /* TimerView.swift */,
			);
			path = Views;
			sourceTree = "<group>";
		};
		922C5CED2B5BF0FE00EF2975 /* Data */ = {
			isa = PBXGroup;
			children = (
				922C5CF42B5BF5C600EF2975 /* Data.swift */,
				922C5CF62B5BF61D00EF2975 /* Json.swift */,
			);
			name = Data;
			sourceTree = "<group>";
		};
/* End PBXGroup section */

/* Begin PBXNativeTarget section */
		922C5CD12B5BEAC900EF2975 /* WorkoutTest */ = {
			isa = PBXNativeTarget;
			buildConfigurationList = 922C5CE62B5BEACA00EF2975 /* Build configuration list for PBXNativeTarget "WorkoutTest" */;
			buildPhases = (
				922C5CCE2B5BEAC900EF2975 /* Sources */,
				922C5CCF2B5BEAC900EF2975 /* Frameworks */,
				922C5CD02B5BEAC900EF2975 /* Resources */,
			);
			buildRules = (
			);
			dependencies = (
			);
			name = WorkoutTest;
			packageProductDependencies = (
				923D5F852B88E5EF00F699DB /* FirebaseAuth */,
				923D5F872B88E5EF00F699DB /* FirebaseDatabase */,
				923D5F892B88E5EF00F699DB /* FirebaseFirestore */,
				923D5F8B2B88E5EF00F699DB /* FirebaseStorage */,
				923D5F942B8A690000F699DB /* SnapKit */,
			);
			productName = WorkoutTest;
			productReference = 922C5CD22B5BEAC900EF2975 /* WorkoutTest.app */;
			productType = "com.apple.product-type.application";
		};
/* End PBXNativeTarget section */

/* Begin PBXProject section */
		922C5CCA2B5BEAC900EF2975 /* Project object */ = {
			isa = PBXProject;
			attributes = {
				BuildIndependentTargetsInParallel = 1;
				LastSwiftUpdateCheck = 1320;
				LastUpgradeCheck = 1320;
				TargetAttributes = {
					922C5CD12B5BEAC900EF2975 = {
						CreatedOnToolsVersion = 13.2.1;
					};
				};
			};
			buildConfigurationList = 922C5CCD2B5BEAC900EF2975 /* Build configuration list for PBXProject "WorkoutTest" */;
			compatibilityVersion = "Xcode 13.0";
			developmentRegion = en;
			hasScannedForEncodings = 0;
			knownRegions = (
				en,
				Base,
			);
			mainGroup = 922C5CC92B5BEAC900EF2975;
			packageReferences = (
				923D5F842B88E5EF00F699DB /* XCRemoteSwiftPackageReference "firebase-ios-sdk" */,
				923D5F932B8A690000F699DB /* XCRemoteSwiftPackageReference "SnapKit" */,
			);
			productRefGroup = 922C5CD32B5BEAC900EF2975 /* Products */;
			projectDirPath = "";
			projectRoot = "";
			targets = (
				922C5CD12B5BEAC900EF2975 /* WorkoutTest */,
			);
		};
/* End PBXProject section */

/* Begin PBXResourcesBuildPhase section */
		922C5CD02B5BEAC900EF2975 /* Resources */ = {
			isa = PBXResourcesBuildPhase;
			buildActionMask = 2147483647;
			files = (
				922C5CE22B5BEACA00EF2975 /* LaunchScreen.storyboard in Resources */,
				922C5CDF2B5BEACA00EF2975 /* Assets.xcassets in Resources */,
				923D5F832B88E24B00F699DB /* GoogleService-Info.plist in Resources */,
			);
			runOnlyForDeploymentPostprocessing = 0;
		};
/* End PBXResourcesBuildPhase section */

/* Begin PBXSourcesBuildPhase section */
		922C5CCE2B5BEAC900EF2975 /* Sources */ = {
			isa = PBXSourcesBuildPhase;
			buildActionMask = 2147483647;
			files = (
				922C5CF52B5BF5C600EF2975 /* Data.swift in Sources */,
				922C5CDA2B5BEAC900EF2975 /* ProgramViewController.swift in Sources */,
				9201364C2B5FE00000BC04D8 /* DescriptCell.swift in Sources */,
				922C5CD62B5BEAC900EF2975 /* AppDelegate.swift in Sources */,
				922C5CD82B5BEAC900EF2975 /* SceneDelegate.swift in Sources */,
				922C5CEF2B5BF2F400EF2975 /* DayViewController.swift in Sources */,
				92AC7B9D2B7381600063D7D9 /* TimerView.swift in Sources */,
				92AC7B9F2B738F6E0063D7D9 /* ExerciseController.swift in Sources */,
				922C5CF32B5BF46E00EF2975 /* DayCell.swift in Sources */,
				922C5CF12B5BF41500EF2975 /* ProgramCell.swift in Sources */,
				922C5CF72B5BF61D00EF2975 /* Json.swift in Sources */,
				9201364E2B5FE65B00BC04D8 /* ImageCell.swift in Sources */,
			);
			runOnlyForDeploymentPostprocessing = 0;
		};
/* End PBXSourcesBuildPhase section */

/* Begin PBXVariantGroup section */
		922C5CE02B5BEACA00EF2975 /* LaunchScreen.storyboard */ = {
			isa = PBXVariantGroup;
			children = (
				922C5CE12B5BEACA00EF2975 /* Base */,
			);
			name = LaunchScreen.storyboard;
			sourceTree = "<group>";
		};
/* End PBXVariantGroup section */

/* Begin XCBuildConfiguration section */
		922C5CE42B5BEACA00EF2975 /* Debug */ = {
			isa = XCBuildConfiguration;
			buildSettings = {
				ALWAYS_SEARCH_USER_PATHS = NO;
				CLANG_ANALYZER_NONNULL = YES;
				CLANG_ANALYZER_NUMBER_OBJECT_CONVERSION = YES_AGGRESSIVE;
				CLANG_CXX_LANGUAGE_STANDARD = "gnu++17";
				CLANG_CXX_LIBRARY = "libc++";
				CLANG_ENABLE_MODULES = YES;
				CLANG_ENABLE_OBJC_ARC = YES;
				CLANG_ENABLE_OBJC_WEAK = YES;
				CLANG_WARN_BLOCK_CAPTURE_AUTORELEASING = YES;
				CLANG_WARN_BOOL_CONVERSION = YES;
				CLANG_WARN_COMMA = YES;
				CLANG_WARN_CONSTANT_CONVERSION = YES;
				CLANG_WARN_DEPRECATED_OBJC_IMPLEMENTATIONS = YES;
				CLANG_WARN_DIRECT_OBJC_ISA_USAGE = YES_ERROR;
				CLANG_WARN_DOCUMENTATION_COMMENTS = YES;
				CLANG_WARN_EMPTY_BODY = YES;
				CLANG_WARN_ENUM_CONVERSION = YES;
				CLANG_WARN_INFINITE_RECURSION = YES;
				CLANG_WARN_INT_CONVERSION = YES;
				CLANG_WARN_NON_LITERAL_NULL_CONVERSION = YES;
				CLANG_WARN_OBJC_IMPLICIT_RETAIN_SELF = YES;
				CLANG_WARN_OBJC_LITERAL_CONVERSION = YES;
				CLANG_WARN_OBJC_ROOT_CLASS = YES_ERROR;
				CLANG_WARN_QUOTED_INCLUDE_IN_FRAMEWORK_HEADER = YES;
				CLANG_WARN_RANGE_LOOP_ANALYSIS = YES;
				CLANG_WARN_STRICT_PROTOTYPES = YES;
				CLANG_WARN_SUSPICIOUS_MOVE = YES;
				CLANG_WARN_UNGUARDED_AVAILABILITY = YES_AGGRESSIVE;
				CLANG_WARN_UNREACHABLE_CODE = YES;
				CLANG_WARN__DUPLICATE_METHOD_MATCH = YES;
				COPY_PHASE_STRIP = NO;
				DEBUG_INFORMATION_FORMAT = dwarf;
				ENABLE_STRICT_OBJC_MSGSEND = YES;
				ENABLE_TESTABILITY = YES;
				GCC_C_LANGUAGE_STANDARD = gnu11;
				GCC_DYNAMIC_NO_PIC = NO;
				GCC_NO_COMMON_BLOCKS = YES;
				GCC_OPTIMIZATION_LEVEL = 0;
				GCC_PREPROCESSOR_DEFINITIONS = (
					"DEBUG=1",
					"$(inherited)",
				);
				GCC_WARN_64_TO_32_BIT_CONVERSION = YES;
				GCC_WARN_ABOUT_RETURN_TYPE = YES_ERROR;
				GCC_WARN_UNDECLARED_SELECTOR = YES;
				GCC_WARN_UNINITIALIZED_AUTOS = YES_AGGRESSIVE;
				GCC_WARN_UNUSED_FUNCTION = YES;
				GCC_WARN_UNUSED_VARIABLE = YES;
				IPHONEOS_DEPLOYMENT_TARGET = 15.2;
				MTL_ENABLE_DEBUG_INFO = INCLUDE_SOURCE;
				MTL_FAST_MATH = YES;
				ONLY_ACTIVE_ARCH = YES;
				SDKROOT = iphoneos;
				SWIFT_ACTIVE_COMPILATION_CONDITIONS = DEBUG;
				SWIFT_OPTIMIZATION_LEVEL = "-Onone";
			};
			name = Debug;
		};
		922C5CE52B5BEACA00EF2975 /* Release */ = {
			isa = XCBuildConfiguration;
			buildSettings = {
				ALWAYS_SEARCH_USER_PATHS = NO;
				CLANG_ANALYZER_NONNULL = YES;
				CLANG_ANALYZER_NUMBER_OBJECT_CONVERSION = YES_AGGRESSIVE;
				CLANG_CXX_LANGUAGE_STANDARD = "gnu++17";
				CLANG_CXX_LIBRARY = "libc++";
				CLANG_ENABLE_MODULES = YES;
				CLANG_ENABLE_OBJC_ARC = YES;
				CLANG_ENABLE_OBJC_WEAK = YES;
				CLANG_WARN_BLOCK_CAPTURE_AUTORELEASING = YES;
				CLANG_WARN_BOOL_CONVERSION = YES;
				CLANG_WARN_COMMA = YES;
				CLANG_WARN_CONSTANT_CONVERSION = YES;
				CLANG_WARN_DEPRECATED_OBJC_IMPLEMENTATIONS = YES;
				CLANG_WARN_DIRECT_OBJC_ISA_USAGE = YES_ERROR;
				CLANG_WARN_DOCUMENTATION_COMMENTS = YES;
				CLANG_WARN_EMPTY_BODY = YES;
				CLANG_WARN_ENUM_CONVERSION = YES;
				CLANG_WARN_INFINITE_RECURSION = YES;
				CLANG_WARN_INT_CONVERSION = YES;
				CLANG_WARN_NON_LITERAL_NULL_CONVERSION = YES;
				CLANG_WARN_OBJC_IMPLICIT_RETAIN_SELF = YES;
				CLANG_WARN_OBJC_LITERAL_CONVERSION = YES;
				CLANG_WARN_OBJC_ROOT_CLASS = YES_ERROR;
				CLANG_WARN_QUOTED_INCLUDE_IN_FRAMEWORK_HEADER = YES;
				CLANG_WARN_RANGE_LOOP_ANALYSIS = YES;
				CLANG_WARN_STRICT_PROTOTYPES = YES;
				CLANG_WARN_SUSPICIOUS_MOVE = YES;
				CLANG_WARN_UNGUARDED_AVAILABILITY = YES_AGGRESSIVE;
				CLANG_WARN_UNREACHABLE_CODE = YES;
				CLANG_WARN__DUPLICATE_METHOD_MATCH = YES;
				COPY_PHASE_STRIP = NO;
				DEBUG_INFORMATION_FORMAT = "dwarf-with-dsym";
				ENABLE_NS_ASSERTIONS = NO;
				ENABLE_STRICT_OBJC_MSGSEND = YES;
				GCC_C_LANGUAGE_STANDARD = gnu11;
				GCC_NO_COMMON_BLOCKS = YES;
				GCC_WARN_64_TO_32_BIT_CONVERSION = YES;
				GCC_WARN_ABOUT_RETURN_TYPE = YES_ERROR;
				GCC_WARN_UNDECLARED_SELECTOR = YES;
				GCC_WARN_UNINITIALIZED_AUTOS = YES_AGGRESSIVE;
				GCC_WARN_UNUSED_FUNCTION = YES;
				GCC_WARN_UNUSED_VARIABLE = YES;
				IPHONEOS_DEPLOYMENT_TARGET = 15.2;
				MTL_ENABLE_DEBUG_INFO = NO;
				MTL_FAST_MATH = YES;
				SDKROOT = iphoneos;
				SWIFT_COMPILATION_MODE = wholemodule;
				SWIFT_OPTIMIZATION_LEVEL = "-O";
				VALIDATE_PRODUCT = YES;
			};
			name = Release;
		};
		922C5CE72B5BEACA00EF2975 /* Debug */ = {
			isa = XCBuildConfiguration;
			buildSettings = {
				ASSETCATALOG_COMPILER_APPICON_NAME = AppIcon;
				ASSETCATALOG_COMPILER_GLOBAL_ACCENT_COLOR_NAME = AccentColor;
				CODE_SIGN_STYLE = Automatic;
				CURRENT_PROJECT_VERSION = 1;
				GENERATE_INFOPLIST_FILE = YES;
				INFOPLIST_FILE = WorkoutTest/Info.plist;
				INFOPLIST_KEY_UIApplicationSupportsIndirectInputEvents = YES;
				INFOPLIST_KEY_UILaunchStoryboardName = LaunchScreen;
				INFOPLIST_KEY_UISupportedInterfaceOrientations = "";
				INFOPLIST_KEY_UISupportedInterfaceOrientations_iPad = "UIInterfaceOrientationPortrait UIInterfaceOrientationPortraitUpsideDown UIInterfaceOrientationLandscapeLeft UIInterfaceOrientationLandscapeRight";
				INFOPLIST_KEY_UISupportedInterfaceOrientations_iPhone = "UIInterfaceOrientationPortrait UIInterfaceOrientationPortrait UIInterfaceOrientationPortrait";
				LD_RUNPATH_SEARCH_PATHS = (
					"$(inherited)",
					"@executable_path/Frameworks",
				);
				MARKETING_VERSION = 1.0;
				PRODUCT_BUNDLE_IDENTIFIER = com.test1.lesson2.WorkoutTest;
				PRODUCT_NAME = "$(TARGET_NAME)";
				SWIFT_EMIT_LOC_STRINGS = YES;
				SWIFT_VERSION = 5.0;
				TARGETED_DEVICE_FAMILY = 1;
			};
			name = Debug;
		};
		922C5CE82B5BEACA00EF2975 /* Release */ = {
			isa = XCBuildConfiguration;
			buildSettings = {
				ASSETCATALOG_COMPILER_APPICON_NAME = AppIcon;
				ASSETCATALOG_COMPILER_GLOBAL_ACCENT_COLOR_NAME = AccentColor;
				CODE_SIGN_STYLE = Automatic;
				CURRENT_PROJECT_VERSION = 1;
				GENERATE_INFOPLIST_FILE = YES;
				INFOPLIST_FILE = WorkoutTest/Info.plist;
				INFOPLIST_KEY_UIApplicationSupportsIndirectInputEvents = YES;
				INFOPLIST_KEY_UILaunchStoryboardName = LaunchScreen;
				INFOPLIST_KEY_UISupportedInterfaceOrientations = "";
				INFOPLIST_KEY_UISupportedInterfaceOrientations_iPad = "UIInterfaceOrientationPortrait UIInterfaceOrientationPortraitUpsideDown UIInterfaceOrientationLandscapeLeft UIInterfaceOrientationLandscapeRight";
				INFOPLIST_KEY_UISupportedInterfaceOrientations_iPhone = "UIInterfaceOrientationPortrait UIInterfaceOrientationPortrait UIInterfaceOrientationPortrait";
				LD_RUNPATH_SEARCH_PATHS = (
					"$(inherited)",
					"@executable_path/Frameworks",
				);
				MARKETING_VERSION = 1.0;
				PRODUCT_BUNDLE_IDENTIFIER = com.test1.lesson2.WorkoutTest;
				PRODUCT_NAME = "$(TARGET_NAME)";
				SWIFT_EMIT_LOC_STRINGS = YES;
				SWIFT_VERSION = 5.0;
				TARGETED_DEVICE_FAMILY = 1;
			};
			name = Release;
		};
/* End XCBuildConfiguration section */

/* Begin XCConfigurationList section */
		922C5CCD2B5BEAC900EF2975 /* Build configuration list for PBXProject "WorkoutTest" */ = {
			isa = XCConfigurationList;
			buildConfigurations = (
				922C5CE42B5BEACA00EF2975 /* Debug */,
				922C5CE52B5BEACA00EF2975 /* Release */,
			);
			defaultConfigurationIsVisible = 0;
			defaultConfigurationName = Release;
		};
		922C5CE62B5BEACA00EF2975 /* Build configuration list for PBXNativeTarget "WorkoutTest" */ = {
			isa = XCConfigurationList;
			buildConfigurations = (
				922C5CE72B5BEACA00EF2975 /* Debug */,
				922C5CE82B5BEACA00EF2975 /* Release */,
			);
			defaultConfigurationIsVisible = 0;
			defaultConfigurationName = Release;
		};
/* End XCConfigurationList section */

/* Begin XCRemoteSwiftPackageReference section */
		923D5F842B88E5EF00F699DB /* XCRemoteSwiftPackageReference "firebase-ios-sdk" */ = {
			isa = XCRemoteSwiftPackageReference;
			repositoryURL = "https://github.com/firebase/firebase-ios-sdk";
			requirement = {
				kind = upToNextMajorVersion;
				minimumVersion = 9.0.0;
			};
		};
		923D5F932B8A690000F699DB /* XCRemoteSwiftPackageReference "SnapKit" */ = {
			isa = XCRemoteSwiftPackageReference;
			repositoryURL = "https://github.com/SnapKit/SnapKit.git";
			requirement = {
				kind = upToNextMajorVersion;
				minimumVersion = 5.0.0;
			};
		};
/* End XCRemoteSwiftPackageReference section */

/* Begin XCSwiftPackageProductDependency section */
		923D5F852B88E5EF00F699DB /* FirebaseAuth */ = {
			isa = XCSwiftPackageProductDependency;
			package = 923D5F842B88E5EF00F699DB /* XCRemoteSwiftPackageReference "firebase-ios-sdk" */;
			productName = FirebaseAuth;
		};
		923D5F872B88E5EF00F699DB /* FirebaseDatabase */ = {
			isa = XCSwiftPackageProductDependency;
			package = 923D5F842B88E5EF00F699DB /* XCRemoteSwiftPackageReference "firebase-ios-sdk" */;
			productName = FirebaseDatabase;
		};
		923D5F892B88E5EF00F699DB /* FirebaseFirestore */ = {
			isa = XCSwiftPackageProductDependency;
			package = 923D5F842B88E5EF00F699DB /* XCRemoteSwiftPackageReference "firebase-ios-sdk" */;
			productName = FirebaseFirestore;
		};
		923D5F8B2B88E5EF00F699DB /* FirebaseStorage */ = {
			isa = XCSwiftPackageProductDependency;
			package = 923D5F842B88E5EF00F699DB /* XCRemoteSwiftPackageReference "firebase-ios-sdk" */;
			productName = FirebaseStorage;
		};
		923D5F942B8A690000F699DB /* SnapKit */ = {
			isa = XCSwiftPackageProductDependency;
			package = 923D5F932B8A690000F699DB /* XCRemoteSwiftPackageReference "SnapKit" */;
			productName = SnapKit;
		};
/* End XCSwiftPackageProductDependency section */
	};
	rootObject = 922C5CCA2B5BEAC900EF2975 /* Project object */;
}
